schema: '2.0'
stages:
  data_ingestion:
    cmd: python src/kidneyDiseaseNet/pipeline/stage_01_data_ingestion.py
    deps:
    - path: config/config.yaml
      hash: md5
      md5: ee93e3c5f039783b2a9e4ad74883458d
      size: 572
    - path: src/kidneyDiseaseNet/pipeline/stage_01_data_ingestion.py
      hash: md5
      md5: 344a375ffc3560df94b2262497d715e2
      size: 871
    outs:
    - path: artifacts/data_ingestion/kidney-ct-scan-image
      hash: md5
      md5: 33ed59dbe5dec8ce2bb8e489b55203e4.dir
      size: 58936381
      nfiles: 465
  prepare_base_model:
    cmd: python src/kidneyDiseaseNet/pipeline/stage_02_prepare_base_model.py
    deps:
    - path: config/config.yaml
      hash: md5
      md5: ee93e3c5f039783b2a9e4ad74883458d
      size: 572
    - path: src/kidneyDiseaseNet/pipeline/stage_02_prepare_base_model.py
      hash: md5
      md5: 5152335017d46dae0af81833839c4171
      size: 978
    params:
      params.yaml:
        CLASSES: 2
        IMAGE_SIZE:
        - 224
        - 224
        - 3
        INCLUDE_TOP: false
        LEARNING_RATE: 0.01
        WEIGHTS: imagenet
    outs:
    - path: artifacts/prepare_base_model
      hash: md5
      md5: 39384f8a785ca9a83bb475565a6e1ff7.dir
      size: 118073067
      nfiles: 2
  training:
    cmd: python src/kidneyDiseaseNet/pipeline/stage_03_model_training.py
    deps:
    - path: artifacts/data_ingestion/kidney-ct-scan-image
      hash: md5
      md5: 33ed59dbe5dec8ce2bb8e489b55203e4.dir
      size: 58936381
      nfiles: 465
    - path: artifacts/prepare_base_model
      hash: md5
      md5: 39384f8a785ca9a83bb475565a6e1ff7.dir
      size: 118073067
      nfiles: 2
    - path: config/config.yaml
      hash: md5
      md5: ee93e3c5f039783b2a9e4ad74883458d
      size: 572
    - path: src/kidneyDiseaseNet/pipeline/stage_03_model_training.py
      hash: md5
      md5: b4064ab728d1c528cae5a4383b7399f5
      size: 920
    params:
      params.yaml:
        AUGMENTATION: true
        BATCH_SIZE: 16
        EPOCHS: 1
        IMAGE_SIZE:
        - 224
        - 224
        - 3
    outs:
    - path: artifacts/training/model.keras
      hash: md5
      md5: 0f38d1a3f167942413b89d536e34047c
      size: 59141232
  evaluation:
    cmd: python src/kidneyDiseaseNet/pipeline/stage_04_model_evaluation.py
    deps:
    - path: artifacts/data_ingestion/kidney-ct-scan-image
      hash: md5
      md5: 33ed59dbe5dec8ce2bb8e489b55203e4.dir
      size: 58936381
      nfiles: 465
    - path: artifacts/training/model.keras
      hash: md5
      md5: 0f38d1a3f167942413b89d536e34047c
      size: 59141232
    - path: config/config.yaml
      hash: md5
      md5: ee93e3c5f039783b2a9e4ad74883458d
      size: 572
    - path: src/kidneyDiseaseNet/pipeline/stage_04_model_evaluation.py
      hash: md5
      md5: 538e7ccf817fc13283cd2363530de6b1
      size: 900
    params:
      params.yaml:
        BATCH_SIZE: 16
        IMAGE_SIZE:
        - 224
        - 224
        - 3
    outs:
    - path: scores.json
      hash: md5
      md5: e5482d0b4ef9e0b9d424aaf907e58ec3
      size: 70
